PODS:
  - SDWebImage (5.12.0):
    - SDWebImage/Core (= 5.12.0)
  - SDWebImage/Core (5.12.0)
  - SVProgressHUD (2.2.5)

DEPENDENCIES:
  - SDWebImage
  - SVProgressHUD

SPEC REPOS:
  trunk:
    - SDWebImage
    - SVProgressHUD

SPEC CHECKSUMS:
  SDWebImage: 4ea20cca2986adc5aacde07aa686742fd4c67a37
  SVProgressHUD: 1428aafac632c1f86f62aa4243ec12008d7a51d6

PODFILE CHECKSUM: 085f1aba39dbb1c5e1d9419aa000838c14501dd5

COCOAPODS: 1.11.3
